
Microsoft Visual Studio Solution File, Format Version 12.00
# Visual Studio Version 17
VisualStudioVersion = 17.9.34723.18
MinimumVisualStudioVersion = 10.0.40219.1
Project("{FAE04EC0-301F-11D3-BF4B-00C04F79EFBC}") = "OOP_Proje", "OOP_Proje\OOP_Proje.csproj", "{3C0BA8DE-D930-41FE-A24F-ADC22FBDB601}"
EndProject
Global
	GlobalSection(SolutionConfigurationPlatforms) = preSolution
		Debug|Any CPU = Debug|Any CPU
		Release|Any CPU = Release|Any CPU
	EndGlobalSection
	GlobalSection(ProjectConfigurationPlatforms) = postSolution
		{3C0BA8DE-D930-41FE-A24F-ADC22FBDB601}.Debug|Any CPU.ActiveCfg = Debug|Any CPU
		{3C0BA8DE-D930-41FE-A24F-ADC22FBDB601}.Debug|Any CPU.Build.0 = Debug|Any CPU
		{3C0BA8DE-D930-41FE-A24F-ADC22FBDB601}.Release|Any CPU.ActiveCfg = Release|Any CPU
		{3C0BA8DE-D930-41FE-A24F-ADC22FBDB601}.Release|Any CPU.Build.0 = Release|Any CPU
	EndGlobalSection
	GlobalSection(SolutionProperties) = preSolution
		HideSolutionNode = FALSE
	EndGlobalSection
	GlobalSection(ExtensibilityGlobals) = postSolution
		SolutionGuid = {39BC6D1C-5BAA-4D2E-BF15-9188D187485C}
	EndGlobalSection
EndGlobal
